
Microsoft Visual Studio Solution File, Format Version 12.00
Project("{FAE04EC0-301F-11D3-BF4B-00C04F79EFBC}") = "ParkingLot", "ParkingLot\ParkingLot.csproj", "{6C40D177-7F1C-48D1-8DB2-FB8C50296AA2}"
EndProject
Global
	GlobalSection(SolutionConfigurationPlatforms) = preSolution
		Debug|Any CPU = Debug|Any CPU
		Release|Any CPU = Release|Any CPU
	EndGlobalSection
	GlobalSection(ProjectConfigurationPlatforms) = postSolution
		{6C40D177-7F1C-48D1-8DB2-FB8C50296AA2}.Debug|Any CPU.ActiveCfg = Debug|Any CPU
		{6C40D177-7F1C-48D1-8DB2-FB8C50296AA2}.Debug|Any CPU.Build.0 = Debug|Any CPU
		{6C40D177-7F1C-48D1-8DB2-FB8C50296AA2}.Release|Any CPU.ActiveCfg = Release|Any CPU
		{6C40D177-7F1C-48D1-8DB2-FB8C50296AA2}.Release|Any CPU.Build.0 = Release|Any CPU
	EndGlobalSection
EndGlobal
